Microsoft Visual Studio Solution File, Format Version 12.00
# Visual Studio 15
VisualStudioVersion = 15.0.26430.14
MinimumVisualStudioVersion = 10.0.40219.1
Project("{FAE04EC0-301F-11D3-BF4B-00C04F79EFBC}") = "PearsonSubscriptionsAPI.Standard", "PearsonSubscriptionsAPI.Standard/PearsonSubscriptionsAPI.Standard.csproj", "{c4276d64-7755-4ea6-be5d-78440639d852}"
EndProject
Global
    GlobalSection(SolutionConfigurationPlatforms) = preSolution
        Debug|Any CPU = Debug|Any CPU
        Release|Any CPU = Release|Any CPU
    EndGlobalSection
    GlobalSection(ProjectConfigurationPlatforms) = postSolution
        {c4276d64-7755-4ea6-be5d-78440639d852}.Debug|Any CPU.ActiveCfg = Debug|Any CPU
        {c4276d64-7755-4ea6-be5d-78440639d852}.Debug|Any CPU.Build.0 = Debug|Any CPU
        {c4276d64-7755-4ea6-be5d-78440639d852}.Release|Any CPU.ActiveCfg = Release|Any CPU
        {c4276d64-7755-4ea6-be5d-78440639d852}.Release|Any CPU.Build.0 = Release|Any CPU
    EndGlobalSection
    GlobalSection(SolutionProperties) = preSolution
        HideSolutionNode = FALSE
    EndGlobalSection
EndGlobal
